
Microsoft Visual Studio Solution File, Format Version 12.00
# Visual Studio 2013
VisualStudioVersion = 12.0.31101.0
MinimumVisualStudioVersion = 10.0.40219.1
Project("{FAE04EC0-301F-11D3-BF4B-00C04F79EFBC}") = "Skynet.TheChasm", "Skynet.TheChasm\Skynet.TheChasm.csproj", "{7DA32212-64CE-4AE6-9BCA-90533C6343F9}"
EndProject
Project("{2150E333-8FDC-42A3-9474-1A3956D46DE8}") = "SinglePlayer", "SinglePlayer", "{7C5733C3-D011-4A21-A38E-C0B927CF7DED}"
EndProject
Project("{2150E333-8FDC-42A3-9474-1A3956D46DE8}") = "Easy", "Easy", "{7A637EF8-C43F-4BCC-9B28-7EFC66F2E6FD}"
EndProject
Project("{FAE04EC0-301F-11D3-BF4B-00C04F79EFBC}") = "Onboarding", "Onboarding\Onboarding.csproj", "{06F54EC0-8243-4C8C-9768-1B99B41555F6}"
EndProject
Project("{FAE04EC0-301F-11D3-BF4B-00C04F79EFBC}") = "PowerOfThor", "PowerOfThor\PowerOfThor.csproj", "{AE92C86E-CA77-4E38-8A34-C830AA7C0D39}"
EndProject
Project("{FAE04EC0-301F-11D3-BF4B-00C04F79EFBC}") = "Temperatures", "Temperatures\Temperatures.csproj", "{8230B965-4006-4AC1-BC57-D47BACA27D89}"
EndProject
Project("{FAE04EC0-301F-11D3-BF4B-00C04F79EFBC}") = "TheDescent", "TheDescent\TheDescent.csproj", "{7B7CED51-5E62-4991-8FF6-562766224B14}"
EndProject
Project("{FAE04EC0-301F-11D3-BF4B-00C04F79EFBC}") = "ASCII.Art", "ASCII.Art\ASCII.Art.csproj", "{D54B6F1F-210E-4A62-9993-F758A1F84608}"
EndProject
Project("{FAE04EC0-301F-11D3-BF4B-00C04F79EFBC}") = "ChuckNorris", "ChuckNorris\ChuckNorris.csproj", "{9D3A53B6-9747-41D2-B892-B64EB126E6EC}"
EndProject
Project("{FAE04EC0-301F-11D3-BF4B-00C04F79EFBC}") = "MIME.Type", "MIME.Type\MIME.Type.csproj", "{09A14607-2D63-4815-B2CF-E575B2EA4826}"
EndProject
Project("{FAE04EC0-301F-11D3-BF4B-00C04F79EFBC}") = "HorseRacingDuals", "HorseRacingDuals\HorseRacingDuals.csproj", "{AC6B3081-3A49-4496-A0AC-F98A8B42D175}"
EndProject
Project("{FAE04EC0-301F-11D3-BF4B-00C04F79EFBC}") = "Defibrillators", "Defibrillators\Defibrillators.csproj", "{CC8E0A8D-F071-449A-A7A0-7E6E46D8E05D}"
EndProject
Project("{FAE04EC0-301F-11D3-BF4B-00C04F79EFBC}") = "MarsLander.Level1", "MarsLander.Level1\MarsLander.Level1.csproj", "{D13FDC22-D474-4D43-B254-680758CDB249}"
EndProject
Project("{2150E333-8FDC-42A3-9474-1A3956D46DE8}") = "Optimization", "Optimization", "{D50E60C4-8A5A-4711-9AAA-D2808A33F912}"
EndProject
Project("{FAE04EC0-301F-11D3-BF4B-00C04F79EFBC}") = "MarsLander.FuelOptimization", "MarsLander.FuelOptimization\MarsLander.FuelOptimization.csproj", "{2117C7DE-C4A4-44E8-B283-28BBF94730FC}"
EndProject
Project("{2150E333-8FDC-42A3-9474-1A3956D46DE8}") = "Medium", "Medium", "{663871AB-DB9F-43EB-A5C0-6A154B2CE797}"
EndProject
Project("{FAE04EC0-301F-11D3-BF4B-00C04F79EFBC}") = "PowerOfThor.CodeSize", "PowerOfThor.CodeSize\PowerOfThor.CodeSize.csproj", "{3E9E5E03-D850-4DDE-AA4B-B7BF182C240A}"
EndProject
Project("{FAE04EC0-301F-11D3-BF4B-00C04F79EFBC}") = "MarsLander.Level2", "MarsLander.Level2\MarsLander.Level2.csproj", "{3B75FD38-41E8-4058-9C2D-6784F424A966}"
EndProject
Project("{FAE04EC0-301F-11D3-BF4B-00C04F79EFBC}") = "TheParanoidAndroid", "TheParanoidAndroid\TheParanoidAndroid.csproj", "{E7D4CDC3-7F23-4C05-B5B6-25B9031D8E06}"
EndProject
Project("{FAE04EC0-301F-11D3-BF4B-00C04F79EFBC}") = "TheParanoidAndroid.CodeSize", "TheParanoidAndroid.CodeSize\TheParanoidAndroid.CodeSize.csproj", "{5F5A5EED-020C-42DB-8261-47A1CE09BB17}"
EndProject
Project("{FAE04EC0-301F-11D3-BF4B-00C04F79EFBC}") = "Skynet.TheVirus", "Skynet.TheVirus\Skynet.TheVirus.csproj", "{22ECBD07-E10C-4995-8CC5-55F486F4A714}"
EndProject
Global
	GlobalSection(SolutionConfigurationPlatforms) = preSolution
		Debug|Any CPU = Debug|Any CPU
		Release|Any CPU = Release|Any CPU
	EndGlobalSection
	GlobalSection(ProjectConfigurationPlatforms) = postSolution
		{7DA32212-64CE-4AE6-9BCA-90533C6343F9}.Debug|Any CPU.ActiveCfg = Debug|Any CPU
		{7DA32212-64CE-4AE6-9BCA-90533C6343F9}.Debug|Any CPU.Build.0 = Debug|Any CPU
		{7DA32212-64CE-4AE6-9BCA-90533C6343F9}.Release|Any CPU.ActiveCfg = Release|Any CPU
		{7DA32212-64CE-4AE6-9BCA-90533C6343F9}.Release|Any CPU.Build.0 = Release|Any CPU
		{06F54EC0-8243-4C8C-9768-1B99B41555F6}.Debug|Any CPU.ActiveCfg = Debug|Any CPU
		{06F54EC0-8243-4C8C-9768-1B99B41555F6}.Debug|Any CPU.Build.0 = Debug|Any CPU
		{06F54EC0-8243-4C8C-9768-1B99B41555F6}.Release|Any CPU.ActiveCfg = Release|Any CPU
		{06F54EC0-8243-4C8C-9768-1B99B41555F6}.Release|Any CPU.Build.0 = Release|Any CPU
		{AE92C86E-CA77-4E38-8A34-C830AA7C0D39}.Debug|Any CPU.ActiveCfg = Debug|Any CPU
		{AE92C86E-CA77-4E38-8A34-C830AA7C0D39}.Debug|Any CPU.Build.0 = Debug|Any CPU
		{AE92C86E-CA77-4E38-8A34-C830AA7C0D39}.Release|Any CPU.ActiveCfg = Release|Any CPU
		{AE92C86E-CA77-4E38-8A34-C830AA7C0D39}.Release|Any CPU.Build.0 = Release|Any CPU
		{8230B965-4006-4AC1-BC57-D47BACA27D89}.Debug|Any CPU.ActiveCfg = Debug|Any CPU
		{8230B965-4006-4AC1-BC57-D47BACA27D89}.Debug|Any CPU.Build.0 = Debug|Any CPU
		{8230B965-4006-4AC1-BC57-D47BACA27D89}.Release|Any CPU.ActiveCfg = Release|Any CPU
		{8230B965-4006-4AC1-BC57-D47BACA27D89}.Release|Any CPU.Build.0 = Release|Any CPU
		{7B7CED51-5E62-4991-8FF6-562766224B14}.Debug|Any CPU.ActiveCfg = Debug|Any CPU
		{7B7CED51-5E62-4991-8FF6-562766224B14}.Debug|Any CPU.Build.0 = Debug|Any CPU
		{7B7CED51-5E62-4991-8FF6-562766224B14}.Release|Any CPU.ActiveCfg = Release|Any CPU
		{7B7CED51-5E62-4991-8FF6-562766224B14}.Release|Any CPU.Build.0 = Release|Any CPU
		{D54B6F1F-210E-4A62-9993-F758A1F84608}.Debug|Any CPU.ActiveCfg = Debug|Any CPU
		{D54B6F1F-210E-4A62-9993-F758A1F84608}.Debug|Any CPU.Build.0 = Debug|Any CPU
		{D54B6F1F-210E-4A62-9993-F758A1F84608}.Release|Any CPU.ActiveCfg = Release|Any CPU
		{D54B6F1F-210E-4A62-9993-F758A1F84608}.Release|Any CPU.Build.0 = Release|Any CPU
		{9D3A53B6-9747-41D2-B892-B64EB126E6EC}.Debug|Any CPU.ActiveCfg = Debug|Any CPU
		{9D3A53B6-9747-41D2-B892-B64EB126E6EC}.Debug|Any CPU.Build.0 = Debug|Any CPU
		{9D3A53B6-9747-41D2-B892-B64EB126E6EC}.Release|Any CPU.ActiveCfg = Release|Any CPU
		{9D3A53B6-9747-41D2-B892-B64EB126E6EC}.Release|Any CPU.Build.0 = Release|Any CPU
		{09A14607-2D63-4815-B2CF-E575B2EA4826}.Debug|Any CPU.ActiveCfg = Debug|Any CPU
		{09A14607-2D63-4815-B2CF-E575B2EA4826}.Debug|Any CPU.Build.0 = Debug|Any CPU
		{09A14607-2D63-4815-B2CF-E575B2EA4826}.Release|Any CPU.ActiveCfg = Release|Any CPU
		{09A14607-2D63-4815-B2CF-E575B2EA4826}.Release|Any CPU.Build.0 = Release|Any CPU
		{AC6B3081-3A49-4496-A0AC-F98A8B42D175}.Debug|Any CPU.ActiveCfg = Debug|Any CPU
		{AC6B3081-3A49-4496-A0AC-F98A8B42D175}.Debug|Any CPU.Build.0 = Debug|Any CPU
		{AC6B3081-3A49-4496-A0AC-F98A8B42D175}.Release|Any CPU.ActiveCfg = Release|Any CPU
		{AC6B3081-3A49-4496-A0AC-F98A8B42D175}.Release|Any CPU.Build.0 = Release|Any CPU
		{CC8E0A8D-F071-449A-A7A0-7E6E46D8E05D}.Debug|Any CPU.ActiveCfg = Debug|Any CPU
		{CC8E0A8D-F071-449A-A7A0-7E6E46D8E05D}.Debug|Any CPU.Build.0 = Debug|Any CPU
		{CC8E0A8D-F071-449A-A7A0-7E6E46D8E05D}.Release|Any CPU.ActiveCfg = Release|Any CPU
		{CC8E0A8D-F071-449A-A7A0-7E6E46D8E05D}.Release|Any CPU.Build.0 = Release|Any CPU
		{D13FDC22-D474-4D43-B254-680758CDB249}.Debug|Any CPU.ActiveCfg = Debug|Any CPU
		{D13FDC22-D474-4D43-B254-680758CDB249}.Debug|Any CPU.Build.0 = Debug|Any CPU
		{D13FDC22-D474-4D43-B254-680758CDB249}.Release|Any CPU.ActiveCfg = Release|Any CPU
		{D13FDC22-D474-4D43-B254-680758CDB249}.Release|Any CPU.Build.0 = Release|Any CPU
		{2117C7DE-C4A4-44E8-B283-28BBF94730FC}.Debug|Any CPU.ActiveCfg = Debug|Any CPU
		{2117C7DE-C4A4-44E8-B283-28BBF94730FC}.Debug|Any CPU.Build.0 = Debug|Any CPU
		{2117C7DE-C4A4-44E8-B283-28BBF94730FC}.Release|Any CPU.ActiveCfg = Release|Any CPU
		{2117C7DE-C4A4-44E8-B283-28BBF94730FC}.Release|Any CPU.Build.0 = Release|Any CPU
		{3E9E5E03-D850-4DDE-AA4B-B7BF182C240A}.Debug|Any CPU.ActiveCfg = Debug|Any CPU
		{3E9E5E03-D850-4DDE-AA4B-B7BF182C240A}.Debug|Any CPU.Build.0 = Debug|Any CPU
		{3E9E5E03-D850-4DDE-AA4B-B7BF182C240A}.Release|Any CPU.ActiveCfg = Release|Any CPU
		{3E9E5E03-D850-4DDE-AA4B-B7BF182C240A}.Release|Any CPU.Build.0 = Release|Any CPU
		{3B75FD38-41E8-4058-9C2D-6784F424A966}.Debug|Any CPU.ActiveCfg = Debug|Any CPU
		{3B75FD38-41E8-4058-9C2D-6784F424A966}.Debug|Any CPU.Build.0 = Debug|Any CPU
		{3B75FD38-41E8-4058-9C2D-6784F424A966}.Release|Any CPU.ActiveCfg = Release|Any CPU
		{3B75FD38-41E8-4058-9C2D-6784F424A966}.Release|Any CPU.Build.0 = Release|Any CPU
		{E7D4CDC3-7F23-4C05-B5B6-25B9031D8E06}.Debug|Any CPU.ActiveCfg = Debug|Any CPU
		{E7D4CDC3-7F23-4C05-B5B6-25B9031D8E06}.Debug|Any CPU.Build.0 = Debug|Any CPU
		{E7D4CDC3-7F23-4C05-B5B6-25B9031D8E06}.Release|Any CPU.ActiveCfg = Release|Any CPU
		{E7D4CDC3-7F23-4C05-B5B6-25B9031D8E06}.Release|Any CPU.Build.0 = Release|Any CPU
		{5F5A5EED-020C-42DB-8261-47A1CE09BB17}.Debug|Any CPU.ActiveCfg = Debug|Any CPU
		{5F5A5EED-020C-42DB-8261-47A1CE09BB17}.Debug|Any CPU.Build.0 = Debug|Any CPU
		{5F5A5EED-020C-42DB-8261-47A1CE09BB17}.Release|Any CPU.ActiveCfg = Release|Any CPU
		{5F5A5EED-020C-42DB-8261-47A1CE09BB17}.Release|Any CPU.Build.0 = Release|Any CPU
		{22ECBD07-E10C-4995-8CC5-55F486F4A714}.Debug|Any CPU.ActiveCfg = Debug|Any CPU
		{22ECBD07-E10C-4995-8CC5-55F486F4A714}.Debug|Any CPU.Build.0 = Debug|Any CPU
		{22ECBD07-E10C-4995-8CC5-55F486F4A714}.Release|Any CPU.ActiveCfg = Release|Any CPU
		{22ECBD07-E10C-4995-8CC5-55F486F4A714}.Release|Any CPU.Build.0 = Release|Any CPU
	EndGlobalSection
	GlobalSection(SolutionProperties) = preSolution
		HideSolutionNode = FALSE
	EndGlobalSection
	GlobalSection(NestedProjects) = preSolution
		{7DA32212-64CE-4AE6-9BCA-90533C6343F9} = {7A637EF8-C43F-4BCC-9B28-7EFC66F2E6FD}
		{7A637EF8-C43F-4BCC-9B28-7EFC66F2E6FD} = {7C5733C3-D011-4A21-A38E-C0B927CF7DED}
		{06F54EC0-8243-4C8C-9768-1B99B41555F6} = {7A637EF8-C43F-4BCC-9B28-7EFC66F2E6FD}
		{AE92C86E-CA77-4E38-8A34-C830AA7C0D39} = {7A637EF8-C43F-4BCC-9B28-7EFC66F2E6FD}
		{8230B965-4006-4AC1-BC57-D47BACA27D89} = {7A637EF8-C43F-4BCC-9B28-7EFC66F2E6FD}
		{7B7CED51-5E62-4991-8FF6-562766224B14} = {7A637EF8-C43F-4BCC-9B28-7EFC66F2E6FD}
		{D54B6F1F-210E-4A62-9993-F758A1F84608} = {7A637EF8-C43F-4BCC-9B28-7EFC66F2E6FD}
		{9D3A53B6-9747-41D2-B892-B64EB126E6EC} = {7A637EF8-C43F-4BCC-9B28-7EFC66F2E6FD}
		{09A14607-2D63-4815-B2CF-E575B2EA4826} = {7A637EF8-C43F-4BCC-9B28-7EFC66F2E6FD}
		{AC6B3081-3A49-4496-A0AC-F98A8B42D175} = {7A637EF8-C43F-4BCC-9B28-7EFC66F2E6FD}
		{CC8E0A8D-F071-449A-A7A0-7E6E46D8E05D} = {7A637EF8-C43F-4BCC-9B28-7EFC66F2E6FD}
		{D13FDC22-D474-4D43-B254-680758CDB249} = {7A637EF8-C43F-4BCC-9B28-7EFC66F2E6FD}
		{D50E60C4-8A5A-4711-9AAA-D2808A33F912} = {7C5733C3-D011-4A21-A38E-C0B927CF7DED}
		{2117C7DE-C4A4-44E8-B283-28BBF94730FC} = {D50E60C4-8A5A-4711-9AAA-D2808A33F912}
		{663871AB-DB9F-43EB-A5C0-6A154B2CE797} = {7C5733C3-D011-4A21-A38E-C0B927CF7DED}
		{3E9E5E03-D850-4DDE-AA4B-B7BF182C240A} = {D50E60C4-8A5A-4711-9AAA-D2808A33F912}
		{3B75FD38-41E8-4058-9C2D-6784F424A966} = {663871AB-DB9F-43EB-A5C0-6A154B2CE797}
		{E7D4CDC3-7F23-4C05-B5B6-25B9031D8E06} = {663871AB-DB9F-43EB-A5C0-6A154B2CE797}
		{5F5A5EED-020C-42DB-8261-47A1CE09BB17} = {D50E60C4-8A5A-4711-9AAA-D2808A33F912}
		{22ECBD07-E10C-4995-8CC5-55F486F4A714} = {663871AB-DB9F-43EB-A5C0-6A154B2CE797}
	EndGlobalSection
EndGlobal
